
Microsoft Visual Studio Solution File, Format Version 11.00
# Visual Studio 2010
Project("{FAE04EC0-301F-11D3-BF4B-00C04F79EFBC}") = "ShareLikeAnything", "ShareLikeAnything\ShareLikeAnything.csproj", "{39A55815-385B-4102-811A-A0C677F32A25}"
EndProject
Project("{2150E333-8FDC-42A3-9474-1A3956D46DE8}") = ".nuget", ".nuget", "{AFCE4717-A77B-4336-B604-8A5AFC967C32}"
	ProjectSection(SolutionItems) = preProject
		.nuget\NuGet.Config = .nuget\NuGet.Config
		.nuget\NuGet.exe = .nuget\NuGet.exe
		.nuget\NuGet.targets = .nuget\NuGet.targets
	EndProjectSection
EndProject
Project("{FAE04EC0-301F-11D3-BF4B-00C04F79EFBC}") = "Sla.Hosting.Self", "Sla.Hosting.Self\Sla.Hosting.Self.csproj", "{9EA64C50-15F8-42B4-BA13-EC77FE26BF74}"
EndProject
Global
	GlobalSection(SolutionConfigurationPlatforms) = preSolution
		Debug|Any CPU = Debug|Any CPU
		Debug|Mixed Platforms = Debug|Mixed Platforms
		Debug|x86 = Debug|x86
		Release|Any CPU = Release|Any CPU
		Release|Mixed Platforms = Release|Mixed Platforms
		Release|x86 = Release|x86
	EndGlobalSection
	GlobalSection(ProjectConfigurationPlatforms) = postSolution
		{39A55815-385B-4102-811A-A0C677F32A25}.Debug|Any CPU.ActiveCfg = Debug|Any CPU
		{39A55815-385B-4102-811A-A0C677F32A25}.Debug|Any CPU.Build.0 = Debug|Any CPU
		{39A55815-385B-4102-811A-A0C677F32A25}.Debug|Mixed Platforms.ActiveCfg = Debug|Any CPU
		{39A55815-385B-4102-811A-A0C677F32A25}.Debug|Mixed Platforms.Build.0 = Debug|Any CPU
		{39A55815-385B-4102-811A-A0C677F32A25}.Debug|x86.ActiveCfg = Debug|Any CPU
		{39A55815-385B-4102-811A-A0C677F32A25}.Release|Any CPU.ActiveCfg = Release|Any CPU
		{39A55815-385B-4102-811A-A0C677F32A25}.Release|Any CPU.Build.0 = Release|Any CPU
		{39A55815-385B-4102-811A-A0C677F32A25}.Release|Mixed Platforms.ActiveCfg = Release|Any CPU
		{39A55815-385B-4102-811A-A0C677F32A25}.Release|Mixed Platforms.Build.0 = Release|Any CPU
		{39A55815-385B-4102-811A-A0C677F32A25}.Release|x86.ActiveCfg = Release|Any CPU
		{9EA64C50-15F8-42B4-BA13-EC77FE26BF74}.Debug|Any CPU.ActiveCfg = Debug|Any CPU
		{9EA64C50-15F8-42B4-BA13-EC77FE26BF74}.Debug|Any CPU.Build.0 = Debug|Any CPU
		{9EA64C50-15F8-42B4-BA13-EC77FE26BF74}.Debug|Mixed Platforms.ActiveCfg = Debug|x86
		{9EA64C50-15F8-42B4-BA13-EC77FE26BF74}.Debug|Mixed Platforms.Build.0 = Debug|x86
		{9EA64C50-15F8-42B4-BA13-EC77FE26BF74}.Debug|x86.ActiveCfg = Debug|x86
		{9EA64C50-15F8-42B4-BA13-EC77FE26BF74}.Debug|x86.Build.0 = Debug|x86
		{9EA64C50-15F8-42B4-BA13-EC77FE26BF74}.Release|Any CPU.ActiveCfg = Release|x86
		{9EA64C50-15F8-42B4-BA13-EC77FE26BF74}.Release|Any CPU.Build.0 = Release|x86
		{9EA64C50-15F8-42B4-BA13-EC77FE26BF74}.Release|Mixed Platforms.ActiveCfg = Release|x86
		{9EA64C50-15F8-42B4-BA13-EC77FE26BF74}.Release|Mixed Platforms.Build.0 = Release|x86
		{9EA64C50-15F8-42B4-BA13-EC77FE26BF74}.Release|x86.ActiveCfg = Release|x86
		{9EA64C50-15F8-42B4-BA13-EC77FE26BF74}.Release|x86.Build.0 = Release|x86
	EndGlobalSection
	GlobalSection(SolutionProperties) = preSolution
		HideSolutionNode = FALSE
	EndGlobalSection
EndGlobal
